
Microsoft Visual Studio Solution File, Format Version 12.00
# Visual Studio Version 17
VisualStudioVersion = 17.6.33815.320
MinimumVisualStudioVersion = 10.0.40219.1
Project("{2150E333-8FDC-42A3-9474-1A3956D46DE8}") = "src", "src", "{91D50393-5B3A-4A63-B442-C1350260ACED}"
EndProject
Project("{9A19103F-16F7-4668-BE54-9A1E7A4F7556}") = "XFFrameWork.WPF.Shell", "XFFrameWork.WPF.Shell\XFFrameWork.WPF.Shell.csproj", "{A951B77B-7D9B-42BE-9C0A-248FEA663618}"
EndProject
Project("{2150E333-8FDC-42A3-9474-1A3956D46DE8}") = "HandWare", "HandWare", "{8F8D4BDB-5676-46C8-B273-95F793CF6E72}"
EndProject
Project("{2150E333-8FDC-42A3-9474-1A3956D46DE8}") = "Services", "Services", "{5606F788-1581-4AF5-9477-6EE999044DBD}"
EndProject
Project("{9A19103F-16F7-4668-BE54-9A1E7A4F7556}") = "XFFrameWork.WPF.IServices", "XFFrameWork.WPF.IServices\XFFrameWork.WPF.IServices.csproj", "{9781E1B1-8711-418A-86F3-CB180DDE2578}"
EndProject
Project("{9A19103F-16F7-4668-BE54-9A1E7A4F7556}") = "XFFrameWork.WPF.Services", "XFFrameWork.WPF.Services\XFFrameWork.WPF.Services.csproj", "{1B00A4E6-BB0A-4D8A-8BF3-E37DB57BC4E8}"
EndProject
Project("{2150E333-8FDC-42A3-9474-1A3956D46DE8}") = "WPFTemplate", "WPFTemplate", "{83A67FA8-DF11-4A4F-BEBE-9A0C661C8114}"
EndProject
Project("{FAE04EC0-301F-11D3-BF4B-00C04F79EFBC}") = "WPFProjectTemplate", "WPFProjectTemplate\WPFProjectTemplate.csproj", "{E291EB25-CE15-496A-8F0D-95A8A29DA27B}"
EndProject
Global
	GlobalSection(SolutionConfigurationPlatforms) = preSolution
		Debug|Any CPU = Debug|Any CPU
		Debug|arm64 = Debug|arm64
		Debug|x86 = Debug|x86
		Release|Any CPU = Release|Any CPU
		Release|arm64 = Release|arm64
		Release|x86 = Release|x86
	EndGlobalSection
	GlobalSection(ProjectConfigurationPlatforms) = postSolution
		{A951B77B-7D9B-42BE-9C0A-248FEA663618}.Debug|Any CPU.ActiveCfg = Debug|Any CPU
		{A951B77B-7D9B-42BE-9C0A-248FEA663618}.Debug|Any CPU.Build.0 = Debug|Any CPU
		{A951B77B-7D9B-42BE-9C0A-248FEA663618}.Debug|arm64.ActiveCfg = Debug|Any CPU
		{A951B77B-7D9B-42BE-9C0A-248FEA663618}.Debug|arm64.Build.0 = Debug|Any CPU
		{A951B77B-7D9B-42BE-9C0A-248FEA663618}.Debug|x86.ActiveCfg = Debug|Any CPU
		{A951B77B-7D9B-42BE-9C0A-248FEA663618}.Debug|x86.Build.0 = Debug|Any CPU
		{A951B77B-7D9B-42BE-9C0A-248FEA663618}.Release|Any CPU.ActiveCfg = Release|Any CPU
		{A951B77B-7D9B-42BE-9C0A-248FEA663618}.Release|Any CPU.Build.0 = Release|Any CPU
		{A951B77B-7D9B-42BE-9C0A-248FEA663618}.Release|arm64.ActiveCfg = Release|Any CPU
		{A951B77B-7D9B-42BE-9C0A-248FEA663618}.Release|arm64.Build.0 = Release|Any CPU
		{A951B77B-7D9B-42BE-9C0A-248FEA663618}.Release|x86.ActiveCfg = Release|Any CPU
		{A951B77B-7D9B-42BE-9C0A-248FEA663618}.Release|x86.Build.0 = Release|Any CPU
		{9781E1B1-8711-418A-86F3-CB180DDE2578}.Debug|Any CPU.ActiveCfg = Debug|Any CPU
		{9781E1B1-8711-418A-86F3-CB180DDE2578}.Debug|Any CPU.Build.0 = Debug|Any CPU
		{9781E1B1-8711-418A-86F3-CB180DDE2578}.Debug|arm64.ActiveCfg = Debug|Any CPU
		{9781E1B1-8711-418A-86F3-CB180DDE2578}.Debug|arm64.Build.0 = Debug|Any CPU
		{9781E1B1-8711-418A-86F3-CB180DDE2578}.Debug|x86.ActiveCfg = Debug|Any CPU
		{9781E1B1-8711-418A-86F3-CB180DDE2578}.Debug|x86.Build.0 = Debug|Any CPU
		{9781E1B1-8711-418A-86F3-CB180DDE2578}.Release|Any CPU.ActiveCfg = Release|Any CPU
		{9781E1B1-8711-418A-86F3-CB180DDE2578}.Release|Any CPU.Build.0 = Release|Any CPU
		{9781E1B1-8711-418A-86F3-CB180DDE2578}.Release|arm64.ActiveCfg = Release|Any CPU
		{9781E1B1-8711-418A-86F3-CB180DDE2578}.Release|arm64.Build.0 = Release|Any CPU
		{9781E1B1-8711-418A-86F3-CB180DDE2578}.Release|x86.ActiveCfg = Release|Any CPU
		{9781E1B1-8711-418A-86F3-CB180DDE2578}.Release|x86.Build.0 = Release|Any CPU
		{1B00A4E6-BB0A-4D8A-8BF3-E37DB57BC4E8}.Debug|Any CPU.ActiveCfg = Debug|Any CPU
		{1B00A4E6-BB0A-4D8A-8BF3-E37DB57BC4E8}.Debug|Any CPU.Build.0 = Debug|Any CPU
		{1B00A4E6-BB0A-4D8A-8BF3-E37DB57BC4E8}.Debug|arm64.ActiveCfg = Debug|Any CPU
		{1B00A4E6-BB0A-4D8A-8BF3-E37DB57BC4E8}.Debug|arm64.Build.0 = Debug|Any CPU
		{1B00A4E6-BB0A-4D8A-8BF3-E37DB57BC4E8}.Debug|x86.ActiveCfg = Debug|Any CPU
		{1B00A4E6-BB0A-4D8A-8BF3-E37DB57BC4E8}.Debug|x86.Build.0 = Debug|Any CPU
		{1B00A4E6-BB0A-4D8A-8BF3-E37DB57BC4E8}.Release|Any CPU.ActiveCfg = Release|Any CPU
		{1B00A4E6-BB0A-4D8A-8BF3-E37DB57BC4E8}.Release|Any CPU.Build.0 = Release|Any CPU
		{1B00A4E6-BB0A-4D8A-8BF3-E37DB57BC4E8}.Release|arm64.ActiveCfg = Release|Any CPU
		{1B00A4E6-BB0A-4D8A-8BF3-E37DB57BC4E8}.Release|arm64.Build.0 = Release|Any CPU
		{1B00A4E6-BB0A-4D8A-8BF3-E37DB57BC4E8}.Release|x86.ActiveCfg = Release|Any CPU
		{1B00A4E6-BB0A-4D8A-8BF3-E37DB57BC4E8}.Release|x86.Build.0 = Release|Any CPU
		{E291EB25-CE15-496A-8F0D-95A8A29DA27B}.Debug|Any CPU.ActiveCfg = Debug|Any CPU
		{E291EB25-CE15-496A-8F0D-95A8A29DA27B}.Debug|Any CPU.Build.0 = Debug|Any CPU
		{E291EB25-CE15-496A-8F0D-95A8A29DA27B}.Debug|arm64.ActiveCfg = Debug|arm64
		{E291EB25-CE15-496A-8F0D-95A8A29DA27B}.Debug|arm64.Build.0 = Debug|arm64
		{E291EB25-CE15-496A-8F0D-95A8A29DA27B}.Debug|x86.ActiveCfg = Debug|x86
		{E291EB25-CE15-496A-8F0D-95A8A29DA27B}.Debug|x86.Build.0 = Debug|x86
		{E291EB25-CE15-496A-8F0D-95A8A29DA27B}.Release|Any CPU.ActiveCfg = Release|Any CPU
		{E291EB25-CE15-496A-8F0D-95A8A29DA27B}.Release|Any CPU.Build.0 = Release|Any CPU
		{E291EB25-CE15-496A-8F0D-95A8A29DA27B}.Release|arm64.ActiveCfg = Release|arm64
		{E291EB25-CE15-496A-8F0D-95A8A29DA27B}.Release|arm64.Build.0 = Release|arm64
		{E291EB25-CE15-496A-8F0D-95A8A29DA27B}.Release|x86.ActiveCfg = Release|x86
		{E291EB25-CE15-496A-8F0D-95A8A29DA27B}.Release|x86.Build.0 = Release|x86
	EndGlobalSection
	GlobalSection(SolutionProperties) = preSolution
		HideSolutionNode = FALSE
	EndGlobalSection
	GlobalSection(NestedProjects) = preSolution
		{A951B77B-7D9B-42BE-9C0A-248FEA663618} = {83A67FA8-DF11-4A4F-BEBE-9A0C661C8114}
		{8F8D4BDB-5676-46C8-B273-95F793CF6E72} = {83A67FA8-DF11-4A4F-BEBE-9A0C661C8114}
		{5606F788-1581-4AF5-9477-6EE999044DBD} = {83A67FA8-DF11-4A4F-BEBE-9A0C661C8114}
		{9781E1B1-8711-418A-86F3-CB180DDE2578} = {5606F788-1581-4AF5-9477-6EE999044DBD}
		{1B00A4E6-BB0A-4D8A-8BF3-E37DB57BC4E8} = {5606F788-1581-4AF5-9477-6EE999044DBD}
		{83A67FA8-DF11-4A4F-BEBE-9A0C661C8114} = {91D50393-5B3A-4A63-B442-C1350260ACED}
		{E291EB25-CE15-496A-8F0D-95A8A29DA27B} = {91D50393-5B3A-4A63-B442-C1350260ACED}
	EndGlobalSection
	GlobalSection(ExtensibilityGlobals) = postSolution
		SolutionGuid = {E8C1F995-8C82-4EB6-BDE1-714A817D7FB7}
	EndGlobalSection
EndGlobal
